
Microsoft Visual Studio Solution File, Format Version 12.00
# Visual Studio Version 17
VisualStudioVersion = 17.12.35527.113 d17.12
MinimumVisualStudioVersion = 10.0.40219.1
Project("{FAE04EC0-301F-11D3-BF4B-00C04F79EFBC}") = "Chatbot_AI", "Chatbot_AI\Chatbot_AI.csproj", "{0999C3D3-1221-4B9A-8665-7203682734FE}"
EndProject
Global
	GlobalSection(SolutionConfigurationPlatforms) = preSolution
		Debug|Any CPU = Debug|Any CPU
		Release|Any CPU = Release|Any CPU
	EndGlobalSection
	GlobalSection(ProjectConfigurationPlatforms) = postSolution
		{0999C3D3-1221-4B9A-8665-7203682734FE}.Debug|Any CPU.ActiveCfg = Debug|Any CPU
		{0999C3D3-1221-4B9A-8665-7203682734FE}.Debug|Any CPU.Build.0 = Debug|Any CPU
		{0999C3D3-1221-4B9A-8665-7203682734FE}.Release|Any CPU.ActiveCfg = Release|Any CPU
		{0999C3D3-1221-4B9A-8665-7203682734FE}.Release|Any CPU.Build.0 = Release|Any CPU
	EndGlobalSection
	GlobalSection(SolutionProperties) = preSolution
		HideSolutionNode = FALSE
	EndGlobalSection
EndGlobal
